
Microsoft Visual Studio Solution File, Format Version 12.00
# Visual Studio 14
VisualStudioVersion = 14.0.25420.1
MinimumVisualStudioVersion = 10.0.40219.1
Project("{FAE04EC0-301F-11D3-BF4B-00C04F79EFBC}") = "VegApp", "VegApp\VegApp\VegApp.csproj", "{64282CCC-AC4E-4972-8DCA-249022F16E2A}"
EndProject
Project("{FAE04EC0-301F-11D3-BF4B-00C04F79EFBC}") = "VegApp.Droid", "VegApp\VegApp.Droid\VegApp.Droid.csproj", "{BBF76D96-1839-49D8-8CBB-65569F5E36C6}"
EndProject
Project("{FAE04EC0-301F-11D3-BF4B-00C04F79EFBC}") = "VegApp.iOS", "VegApp\VegApp.iOS\VegApp.iOS.csproj", "{A1D73AB8-6AA1-4F08-AB65-37A79C3B1207}"
EndProject
Global
	GlobalSection(SolutionConfigurationPlatforms) = preSolution
		Ad-Hoc|Any CPU = Ad-Hoc|Any CPU
		Ad-Hoc|ARM = Ad-Hoc|ARM
		Ad-Hoc|iPhone = Ad-Hoc|iPhone
		Ad-Hoc|iPhoneSimulator = Ad-Hoc|iPhoneSimulator
		Ad-Hoc|x64 = Ad-Hoc|x64
		Ad-Hoc|x86 = Ad-Hoc|x86
		AppStore|Any CPU = AppStore|Any CPU
		AppStore|ARM = AppStore|ARM
		AppStore|iPhone = AppStore|iPhone
		AppStore|iPhoneSimulator = AppStore|iPhoneSimulator
		AppStore|x64 = AppStore|x64
		AppStore|x86 = AppStore|x86
		Debug|Any CPU = Debug|Any CPU
		Debug|ARM = Debug|ARM
		Debug|iPhone = Debug|iPhone
		Debug|iPhoneSimulator = Debug|iPhoneSimulator
		Debug|x64 = Debug|x64
		Debug|x86 = Debug|x86
		Release|Any CPU = Release|Any CPU
		Release|ARM = Release|ARM
		Release|iPhone = Release|iPhone
		Release|iPhoneSimulator = Release|iPhoneSimulator
		Release|x64 = Release|x64
		Release|x86 = Release|x86
	EndGlobalSection
	GlobalSection(ProjectConfigurationPlatforms) = postSolution
		{64282CCC-AC4E-4972-8DCA-249022F16E2A}.Ad-Hoc|Any CPU.ActiveCfg = Release|Any CPU
		{64282CCC-AC4E-4972-8DCA-249022F16E2A}.Ad-Hoc|Any CPU.Build.0 = Release|Any CPU
		{64282CCC-AC4E-4972-8DCA-249022F16E2A}.Ad-Hoc|ARM.ActiveCfg = Release|Any CPU
		{64282CCC-AC4E-4972-8DCA-249022F16E2A}.Ad-Hoc|ARM.Build.0 = Release|Any CPU
		{64282CCC-AC4E-4972-8DCA-249022F16E2A}.Ad-Hoc|iPhone.ActiveCfg = Release|Any CPU
		{64282CCC-AC4E-4972-8DCA-249022F16E2A}.Ad-Hoc|iPhone.Build.0 = Release|Any CPU
		{64282CCC-AC4E-4972-8DCA-249022F16E2A}.Ad-Hoc|iPhoneSimulator.ActiveCfg = Release|Any CPU
		{64282CCC-AC4E-4972-8DCA-249022F16E2A}.Ad-Hoc|iPhoneSimulator.Build.0 = Release|Any CPU
		{64282CCC-AC4E-4972-8DCA-249022F16E2A}.Ad-Hoc|x64.ActiveCfg = Release|Any CPU
		{64282CCC-AC4E-4972-8DCA-249022F16E2A}.Ad-Hoc|x64.Build.0 = Release|Any CPU
		{64282CCC-AC4E-4972-8DCA-249022F16E2A}.Ad-Hoc|x86.ActiveCfg = Release|Any CPU
		{64282CCC-AC4E-4972-8DCA-249022F16E2A}.Ad-Hoc|x86.Build.0 = Release|Any CPU
		{64282CCC-AC4E-4972-8DCA-249022F16E2A}.AppStore|Any CPU.ActiveCfg = Release|Any CPU
		{64282CCC-AC4E-4972-8DCA-249022F16E2A}.AppStore|Any CPU.Build.0 = Release|Any CPU
		{64282CCC-AC4E-4972-8DCA-249022F16E2A}.AppStore|ARM.ActiveCfg = Release|Any CPU
		{64282CCC-AC4E-4972-8DCA-249022F16E2A}.AppStore|ARM.Build.0 = Release|Any CPU
		{64282CCC-AC4E-4972-8DCA-249022F16E2A}.AppStore|iPhone.ActiveCfg = Release|Any CPU
		{64282CCC-AC4E-4972-8DCA-249022F16E2A}.AppStore|iPhone.Build.0 = Release|Any CPU
		{64282CCC-AC4E-4972-8DCA-249022F16E2A}.AppStore|iPhoneSimulator.ActiveCfg = Release|Any CPU
		{64282CCC-AC4E-4972-8DCA-249022F16E2A}.AppStore|iPhoneSimulator.Build.0 = Release|Any CPU
		{64282CCC-AC4E-4972-8DCA-249022F16E2A}.AppStore|x64.ActiveCfg = Release|Any CPU
		{64282CCC-AC4E-4972-8DCA-249022F16E2A}.AppStore|x64.Build.0 = Release|Any CPU
		{64282CCC-AC4E-4972-8DCA-249022F16E2A}.AppStore|x86.ActiveCfg = Release|Any CPU
		{64282CCC-AC4E-4972-8DCA-249022F16E2A}.AppStore|x86.Build.0 = Release|Any CPU
		{64282CCC-AC4E-4972-8DCA-249022F16E2A}.Debug|Any CPU.ActiveCfg = Debug|Any CPU
		{64282CCC-AC4E-4972-8DCA-249022F16E2A}.Debug|Any CPU.Build.0 = Debug|Any CPU
		{64282CCC-AC4E-4972-8DCA-249022F16E2A}.Debug|ARM.ActiveCfg = Debug|Any CPU
		{64282CCC-AC4E-4972-8DCA-249022F16E2A}.Debug|ARM.Build.0 = Debug|Any CPU
		{64282CCC-AC4E-4972-8DCA-249022F16E2A}.Debug|iPhone.ActiveCfg = Debug|Any CPU
		{64282CCC-AC4E-4972-8DCA-249022F16E2A}.Debug|iPhone.Build.0 = Debug|Any CPU
		{64282CCC-AC4E-4972-8DCA-249022F16E2A}.Debug|iPhoneSimulator.ActiveCfg = Debug|Any CPU
		{64282CCC-AC4E-4972-8DCA-249022F16E2A}.Debug|iPhoneSimulator.Build.0 = Debug|Any CPU
		{64282CCC-AC4E-4972-8DCA-249022F16E2A}.Debug|x64.ActiveCfg = Debug|Any CPU
		{64282CCC-AC4E-4972-8DCA-249022F16E2A}.Debug|x64.Build.0 = Debug|Any CPU
		{64282CCC-AC4E-4972-8DCA-249022F16E2A}.Debug|x86.ActiveCfg = Debug|Any CPU
		{64282CCC-AC4E-4972-8DCA-249022F16E2A}.Debug|x86.Build.0 = Debug|Any CPU
		{64282CCC-AC4E-4972-8DCA-249022F16E2A}.Release|Any CPU.ActiveCfg = Release|Any CPU
		{64282CCC-AC4E-4972-8DCA-249022F16E2A}.Release|Any CPU.Build.0 = Release|Any CPU
		{64282CCC-AC4E-4972-8DCA-249022F16E2A}.Release|ARM.ActiveCfg = Release|Any CPU
		{64282CCC-AC4E-4972-8DCA-249022F16E2A}.Release|ARM.Build.0 = Release|Any CPU
		{64282CCC-AC4E-4972-8DCA-249022F16E2A}.Release|iPhone.ActiveCfg = Release|Any CPU
		{64282CCC-AC4E-4972-8DCA-249022F16E2A}.Release|iPhone.Build.0 = Release|Any CPU
		{64282CCC-AC4E-4972-8DCA-249022F16E2A}.Release|iPhoneSimulator.ActiveCfg = Release|Any CPU
		{64282CCC-AC4E-4972-8DCA-249022F16E2A}.Release|iPhoneSimulator.Build.0 = Release|Any CPU
		{64282CCC-AC4E-4972-8DCA-249022F16E2A}.Release|x64.ActiveCfg = Release|Any CPU
		{64282CCC-AC4E-4972-8DCA-249022F16E2A}.Release|x64.Build.0 = Release|Any CPU
		{64282CCC-AC4E-4972-8DCA-249022F16E2A}.Release|x86.ActiveCfg = Release|Any CPU
		{64282CCC-AC4E-4972-8DCA-249022F16E2A}.Release|x86.Build.0 = Release|Any CPU
		{BBF76D96-1839-49D8-8CBB-65569F5E36C6}.Ad-Hoc|Any CPU.ActiveCfg = Release|Any CPU
		{BBF76D96-1839-49D8-8CBB-65569F5E36C6}.Ad-Hoc|Any CPU.Build.0 = Release|Any CPU
		{BBF76D96-1839-49D8-8CBB-65569F5E36C6}.Ad-Hoc|Any CPU.Deploy.0 = Release|Any CPU
		{BBF76D96-1839-49D8-8CBB-65569F5E36C6}.Ad-Hoc|ARM.ActiveCfg = Release|Any CPU
		{BBF76D96-1839-49D8-8CBB-65569F5E36C6}.Ad-Hoc|ARM.Build.0 = Release|Any CPU
		{BBF76D96-1839-49D8-8CBB-65569F5E36C6}.Ad-Hoc|ARM.Deploy.0 = Release|Any CPU
		{BBF76D96-1839-49D8-8CBB-65569F5E36C6}.Ad-Hoc|iPhone.ActiveCfg = Release|Any CPU
		{BBF76D96-1839-49D8-8CBB-65569F5E36C6}.Ad-Hoc|iPhone.Build.0 = Release|Any CPU
		{BBF76D96-1839-49D8-8CBB-65569F5E36C6}.Ad-Hoc|iPhone.Deploy.0 = Release|Any CPU
		{BBF76D96-1839-49D8-8CBB-65569F5E36C6}.Ad-Hoc|iPhoneSimulator.ActiveCfg = Release|Any CPU
		{BBF76D96-1839-49D8-8CBB-65569F5E36C6}.Ad-Hoc|iPhoneSimulator.Build.0 = Release|Any CPU
		{BBF76D96-1839-49D8-8CBB-65569F5E36C6}.Ad-Hoc|iPhoneSimulator.Deploy.0 = Release|Any CPU
		{BBF76D96-1839-49D8-8CBB-65569F5E36C6}.Ad-Hoc|x64.ActiveCfg = Release|Any CPU
		{BBF76D96-1839-49D8-8CBB-65569F5E36C6}.Ad-Hoc|x64.Build.0 = Release|Any CPU
		{BBF76D96-1839-49D8-8CBB-65569F5E36C6}.Ad-Hoc|x64.Deploy.0 = Release|Any CPU
		{BBF76D96-1839-49D8-8CBB-65569F5E36C6}.Ad-Hoc|x86.ActiveCfg = Release|Any CPU
		{BBF76D96-1839-49D8-8CBB-65569F5E36C6}.Ad-Hoc|x86.Build.0 = Release|Any CPU
		{BBF76D96-1839-49D8-8CBB-65569F5E36C6}.Ad-Hoc|x86.Deploy.0 = Release|Any CPU
		{BBF76D96-1839-49D8-8CBB-65569F5E36C6}.AppStore|Any CPU.ActiveCfg = Release|Any CPU
		{BBF76D96-1839-49D8-8CBB-65569F5E36C6}.AppStore|Any CPU.Build.0 = Release|Any CPU
		{BBF76D96-1839-49D8-8CBB-65569F5E36C6}.AppStore|Any CPU.Deploy.0 = Release|Any CPU
		{BBF76D96-1839-49D8-8CBB-65569F5E36C6}.AppStore|ARM.ActiveCfg = Release|Any CPU
		{BBF76D96-1839-49D8-8CBB-65569F5E36C6}.AppStore|ARM.Build.0 = Release|Any CPU
		{BBF76D96-1839-49D8-8CBB-65569F5E36C6}.AppStore|ARM.Deploy.0 = Release|Any CPU
		{BBF76D96-1839-49D8-8CBB-65569F5E36C6}.AppStore|iPhone.ActiveCfg = Release|Any CPU
		{BBF76D96-1839-49D8-8CBB-65569F5E36C6}.AppStore|iPhone.Build.0 = Release|Any CPU
		{BBF76D96-1839-49D8-8CBB-65569F5E36C6}.AppStore|iPhone.Deploy.0 = Release|Any CPU
		{BBF76D96-1839-49D8-8CBB-65569F5E36C6}.AppStore|iPhoneSimulator.ActiveCfg = Release|Any CPU
		{BBF76D96-1839-49D8-8CBB-65569F5E36C6}.AppStore|iPhoneSimulator.Build.0 = Release|Any CPU
		{BBF76D96-1839-49D8-8CBB-65569F5E36C6}.AppStore|iPhoneSimulator.Deploy.0 = Release|Any CPU
		{BBF76D96-1839-49D8-8CBB-65569F5E36C6}.AppStore|x64.ActiveCfg = Release|Any CPU
		{BBF76D96-1839-49D8-8CBB-65569F5E36C6}.AppStore|x64.Build.0 = Release|Any CPU
		{BBF76D96-1839-49D8-8CBB-65569F5E36C6}.AppStore|x64.Deploy.0 = Release|Any CPU
		{BBF76D96-1839-49D8-8CBB-65569F5E36C6}.AppStore|x86.ActiveCfg = Release|Any CPU
		{BBF76D96-1839-49D8-8CBB-65569F5E36C6}.AppStore|x86.Build.0 = Release|Any CPU
		{BBF76D96-1839-49D8-8CBB-65569F5E36C6}.AppStore|x86.Deploy.0 = Release|Any CPU
		{BBF76D96-1839-49D8-8CBB-65569F5E36C6}.Debug|Any CPU.ActiveCfg = Debug|Any CPU
		{BBF76D96-1839-49D8-8CBB-65569F5E36C6}.Debug|Any CPU.Build.0 = Debug|Any CPU
		{BBF76D96-1839-49D8-8CBB-65569F5E36C6}.Debug|Any CPU.Deploy.0 = Debug|Any CPU
		{BBF76D96-1839-49D8-8CBB-65569F5E36C6}.Debug|ARM.ActiveCfg = Debug|Any CPU
		{BBF76D96-1839-49D8-8CBB-65569F5E36C6}.Debug|ARM.Build.0 = Debug|Any CPU
		{BBF76D96-1839-49D8-8CBB-65569F5E36C6}.Debug|ARM.Deploy.0 = Debug|Any CPU
		{BBF76D96-1839-49D8-8CBB-65569F5E36C6}.Debug|iPhone.ActiveCfg = Debug|Any CPU
		{BBF76D96-1839-49D8-8CBB-65569F5E36C6}.Debug|iPhone.Build.0 = Debug|Any CPU
		{BBF76D96-1839-49D8-8CBB-65569F5E36C6}.Debug|iPhone.Deploy.0 = Debug|Any CPU
		{BBF76D96-1839-49D8-8CBB-65569F5E36C6}.Debug|iPhoneSimulator.ActiveCfg = Debug|Any CPU
		{BBF76D96-1839-49D8-8CBB-65569F5E36C6}.Debug|iPhoneSimulator.Build.0 = Debug|Any CPU
		{BBF76D96-1839-49D8-8CBB-65569F5E36C6}.Debug|iPhoneSimulator.Deploy.0 = Debug|Any CPU
		{BBF76D96-1839-49D8-8CBB-65569F5E36C6}.Debug|x64.ActiveCfg = Debug|Any CPU
		{BBF76D96-1839-49D8-8CBB-65569F5E36C6}.Debug|x64.Build.0 = Debug|Any CPU
		{BBF76D96-1839-49D8-8CBB-65569F5E36C6}.Debug|x64.Deploy.0 = Debug|Any CPU
		{BBF76D96-1839-49D8-8CBB-65569F5E36C6}.Debug|x86.ActiveCfg = Debug|Any CPU
		{BBF76D96-1839-49D8-8CBB-65569F5E36C6}.Debug|x86.Build.0 = Debug|Any CPU
		{BBF76D96-1839-49D8-8CBB-65569F5E36C6}.Debug|x86.Deploy.0 = Debug|Any CPU
		{BBF76D96-1839-49D8-8CBB-65569F5E36C6}.Release|Any CPU.ActiveCfg = Release|Any CPU
		{BBF76D96-1839-49D8-8CBB-65569F5E36C6}.Release|Any CPU.Build.0 = Release|Any CPU
		{BBF76D96-1839-49D8-8CBB-65569F5E36C6}.Release|Any CPU.Deploy.0 = Release|Any CPU
		{BBF76D96-1839-49D8-8CBB-65569F5E36C6}.Release|ARM.ActiveCfg = Release|Any CPU
		{BBF76D96-1839-49D8-8CBB-65569F5E36C6}.Release|ARM.Build.0 = Release|Any CPU
		{BBF76D96-1839-49D8-8CBB-65569F5E36C6}.Release|ARM.Deploy.0 = Release|Any CPU
		{BBF76D96-1839-49D8-8CBB-65569F5E36C6}.Release|iPhone.ActiveCfg = Release|Any CPU
		{BBF76D96-1839-49D8-8CBB-65569F5E36C6}.Release|iPhone.Build.0 = Release|Any CPU
		{BBF76D96-1839-49D8-8CBB-65569F5E36C6}.Release|iPhone.Deploy.0 = Release|Any CPU
		{BBF76D96-1839-49D8-8CBB-65569F5E36C6}.Release|iPhoneSimulator.ActiveCfg = Release|Any CPU
		{BBF76D96-1839-49D8-8CBB-65569F5E36C6}.Release|iPhoneSimulator.Build.0 = Release|Any CPU
		{BBF76D96-1839-49D8-8CBB-65569F5E36C6}.Release|iPhoneSimulator.Deploy.0 = Release|Any CPU
		{BBF76D96-1839-49D8-8CBB-65569F5E36C6}.Release|x64.ActiveCfg = Release|Any CPU
		{BBF76D96-1839-49D8-8CBB-65569F5E36C6}.Release|x64.Build.0 = Release|Any CPU
		{BBF76D96-1839-49D8-8CBB-65569F5E36C6}.Release|x64.Deploy.0 = Release|Any CPU
		{BBF76D96-1839-49D8-8CBB-65569F5E36C6}.Release|x86.ActiveCfg = Release|Any CPU
		{BBF76D96-1839-49D8-8CBB-65569F5E36C6}.Release|x86.Build.0 = Release|Any CPU
		{BBF76D96-1839-49D8-8CBB-65569F5E36C6}.Release|x86.Deploy.0 = Release|Any CPU
		{A1D73AB8-6AA1-4F08-AB65-37A79C3B1207}.Ad-Hoc|Any CPU.ActiveCfg = Ad-Hoc|iPhone
		{A1D73AB8-6AA1-4F08-AB65-37A79C3B1207}.Ad-Hoc|ARM.ActiveCfg = Ad-Hoc|iPhone
		{A1D73AB8-6AA1-4F08-AB65-37A79C3B1207}.Ad-Hoc|iPhone.ActiveCfg = Ad-Hoc|iPhone
		{A1D73AB8-6AA1-4F08-AB65-37A79C3B1207}.Ad-Hoc|iPhone.Build.0 = Ad-Hoc|iPhone
		{A1D73AB8-6AA1-4F08-AB65-37A79C3B1207}.Ad-Hoc|iPhoneSimulator.ActiveCfg = Ad-Hoc|iPhoneSimulator
		{A1D73AB8-6AA1-4F08-AB65-37A79C3B1207}.Ad-Hoc|iPhoneSimulator.Build.0 = Ad-Hoc|iPhoneSimulator
		{A1D73AB8-6AA1-4F08-AB65-37A79C3B1207}.Ad-Hoc|x64.ActiveCfg = Ad-Hoc|iPhone
		{A1D73AB8-6AA1-4F08-AB65-37A79C3B1207}.Ad-Hoc|x86.ActiveCfg = Ad-Hoc|iPhone
		{A1D73AB8-6AA1-4F08-AB65-37A79C3B1207}.AppStore|Any CPU.ActiveCfg = AppStore|iPhone
		{A1D73AB8-6AA1-4F08-AB65-37A79C3B1207}.AppStore|ARM.ActiveCfg = AppStore|iPhone
		{A1D73AB8-6AA1-4F08-AB65-37A79C3B1207}.AppStore|iPhone.ActiveCfg = AppStore|iPhone
		{A1D73AB8-6AA1-4F08-AB65-37A79C3B1207}.AppStore|iPhone.Build.0 = AppStore|iPhone
		{A1D73AB8-6AA1-4F08-AB65-37A79C3B1207}.AppStore|iPhoneSimulator.ActiveCfg = AppStore|iPhoneSimulator
		{A1D73AB8-6AA1-4F08-AB65-37A79C3B1207}.AppStore|iPhoneSimulator.Build.0 = AppStore|iPhoneSimulator
		{A1D73AB8-6AA1-4F08-AB65-37A79C3B1207}.AppStore|x64.ActiveCfg = AppStore|iPhone
		{A1D73AB8-6AA1-4F08-AB65-37A79C3B1207}.AppStore|x86.ActiveCfg = AppStore|iPhone
		{A1D73AB8-6AA1-4F08-AB65-37A79C3B1207}.Debug|Any CPU.ActiveCfg = Debug|iPhone
		{A1D73AB8-6AA1-4F08-AB65-37A79C3B1207}.Debug|ARM.ActiveCfg = Debug|iPhone
		{A1D73AB8-6AA1-4F08-AB65-37A79C3B1207}.Debug|iPhone.ActiveCfg = Debug|iPhone
		{A1D73AB8-6AA1-4F08-AB65-37A79C3B1207}.Debug|iPhone.Build.0 = Debug|iPhone
		{A1D73AB8-6AA1-4F08-AB65-37A79C3B1207}.Debug|iPhoneSimulator.ActiveCfg = Debug|iPhoneSimulator
		{A1D73AB8-6AA1-4F08-AB65-37A79C3B1207}.Debug|iPhoneSimulator.Build.0 = Debug|iPhoneSimulator
		{A1D73AB8-6AA1-4F08-AB65-37A79C3B1207}.Debug|x64.ActiveCfg = Debug|iPhone
		{A1D73AB8-6AA1-4F08-AB65-37A79C3B1207}.Debug|x86.ActiveCfg = Debug|iPhone
		{A1D73AB8-6AA1-4F08-AB65-37A79C3B1207}.Release|Any CPU.ActiveCfg = Release|iPhone
		{A1D73AB8-6AA1-4F08-AB65-37A79C3B1207}.Release|ARM.ActiveCfg = Release|iPhone
		{A1D73AB8-6AA1-4F08-AB65-37A79C3B1207}.Release|iPhone.ActiveCfg = Release|iPhone
		{A1D73AB8-6AA1-4F08-AB65-37A79C3B1207}.Release|iPhone.Build.0 = Release|iPhone
		{A1D73AB8-6AA1-4F08-AB65-37A79C3B1207}.Release|iPhoneSimulator.ActiveCfg = Release|iPhoneSimulator
		{A1D73AB8-6AA1-4F08-AB65-37A79C3B1207}.Release|iPhoneSimulator.Build.0 = Release|iPhoneSimulator
		{A1D73AB8-6AA1-4F08-AB65-37A79C3B1207}.Release|x64.ActiveCfg = Release|iPhone
		{A1D73AB8-6AA1-4F08-AB65-37A79C3B1207}.Release|x86.ActiveCfg = Release|iPhone
	EndGlobalSection
	GlobalSection(SolutionProperties) = preSolution
		HideSolutionNode = FALSE
	EndGlobalSection
EndGlobal
